
Microsoft Visual Studio Solution File, Format Version 12.00
# Visual Studio 2015
Project("{FAE04EC0-301F-11D3-BF4B-00C04F79EFBC}") = "Final Programacion I", "Final Programacion I.csproj", "{258CC22E-8CFD-8A43-5E7B-675FF788CB32}"
EndProject
Global
	GlobalSection(SolutionConfigurationPlatforms) = preSolution
		Debug|Any CPU = Debug|Any CPU
		Release|Any CPU = Release|Any CPU
	EndGlobalSection
	GlobalSection(ProjectConfigurationPlatforms) = postSolution
		{258CC22E-8CFD-8A43-5E7B-675FF788CB32}.Debug|Any CPU.ActiveCfg = Debug|Any CPU
		{258CC22E-8CFD-8A43-5E7B-675FF788CB32}.Debug|Any CPU.Build.0 = Debug|Any CPU
		{258CC22E-8CFD-8A43-5E7B-675FF788CB32}.Release|Any CPU.ActiveCfg = Release|Any CPU
		{258CC22E-8CFD-8A43-5E7B-675FF788CB32}.Release|Any CPU.Build.0 = Release|Any CPU
	EndGlobalSection
	GlobalSection(SolutionProperties) = preSolution
		HideSolutionNode = FALSE
	EndGlobalSection
EndGlobal
